
Microsoft Visual Studio Solution File, Format Version 12.00
# Visual Studio Version 17
VisualStudioVersion = 17.2.32616.157
MinimumVisualStudioVersion = 10.0.40219.1
Project("{FAE04EC0-301F-11D3-BF4B-00C04F79EFBC}") = "NuovaBibliotecaDB", "NuovaBibliotecaDB.csproj", "{39DCE852-B8A2-4D1D-88BF-A5D541505D02}"
EndProject
Global
	GlobalSection(SolutionConfigurationPlatforms) = preSolution
		Debug|Any CPU = Debug|Any CPU
		Release|Any CPU = Release|Any CPU
	EndGlobalSection
	GlobalSection(ProjectConfigurationPlatforms) = postSolution
		{39DCE852-B8A2-4D1D-88BF-A5D541505D02}.Debug|Any CPU.ActiveCfg = Debug|Any CPU
		{39DCE852-B8A2-4D1D-88BF-A5D541505D02}.Debug|Any CPU.Build.0 = Debug|Any CPU
		{39DCE852-B8A2-4D1D-88BF-A5D541505D02}.Release|Any CPU.ActiveCfg = Release|Any CPU
		{39DCE852-B8A2-4D1D-88BF-A5D541505D02}.Release|Any CPU.Build.0 = Release|Any CPU
	EndGlobalSection
	GlobalSection(SolutionProperties) = preSolution
		HideSolutionNode = FALSE
	EndGlobalSection
	GlobalSection(ExtensibilityGlobals) = postSolution
		SolutionGuid = {67D90023-2605-473A-821F-FD1D181C4523}
	EndGlobalSection
EndGlobal
